
Microsoft Visual Studio Solution File, Format Version 12.00
# Visual Studio Version 17
VisualStudioVersion = 17.4.33205.214
MinimumVisualStudioVersion = 10.0.40219.1
Project("{9A19103F-16F7-4668-BE54-9A1E7A4F7556}") = "Data_Ack_NuGetTest", "Data_Ack_NuGetTest\Data_Ack_NuGetTest.csproj", "{B4C17486-37FE-4CD9-A898-1F2BCF42B91B}"
EndProject
Project("{FAE04EC0-301F-11D3-BF4B-00C04F79EFBC}") = "Data_Ack_NuGetTest2", "Data_Ack_NuGetTest2\Data_Ack_NuGetTest2.csproj", "{A5CE1415-D077-46A2-A996-02C32E900402}"
EndProject
Global
	GlobalSection(SolutionConfigurationPlatforms) = preSolution
		Debug|Any CPU = Debug|Any CPU
		Release|Any CPU = Release|Any CPU
	EndGlobalSection
	GlobalSection(ProjectConfigurationPlatforms) = postSolution
		{B4C17486-37FE-4CD9-A898-1F2BCF42B91B}.Debug|Any CPU.ActiveCfg = Debug|Any CPU
		{B4C17486-37FE-4CD9-A898-1F2BCF42B91B}.Debug|Any CPU.Build.0 = Debug|Any CPU
		{B4C17486-37FE-4CD9-A898-1F2BCF42B91B}.Release|Any CPU.ActiveCfg = Release|Any CPU
		{B4C17486-37FE-4CD9-A898-1F2BCF42B91B}.Release|Any CPU.Build.0 = Release|Any CPU
		{A5CE1415-D077-46A2-A996-02C32E900402}.Debug|Any CPU.ActiveCfg = Debug|Any CPU
		{A5CE1415-D077-46A2-A996-02C32E900402}.Debug|Any CPU.Build.0 = Debug|Any CPU
		{A5CE1415-D077-46A2-A996-02C32E900402}.Release|Any CPU.ActiveCfg = Release|Any CPU
		{A5CE1415-D077-46A2-A996-02C32E900402}.Release|Any CPU.Build.0 = Release|Any CPU
	EndGlobalSection
	GlobalSection(SolutionProperties) = preSolution
		HideSolutionNode = FALSE
	EndGlobalSection
	GlobalSection(ExtensibilityGlobals) = postSolution
		SolutionGuid = {EF5F40A8-C057-4999-9222-D517E2EFAA97}
	EndGlobalSection
EndGlobal
